
Microsoft Visual Studio Solution File, Format Version 12.00
# Visual Studio Version 17
VisualStudioVersion = 17.6.33829.357
MinimumVisualStudioVersion = 10.0.40219.1
Project("{FAE04EC0-301F-11D3-BF4B-00C04F79EFBC}") = "DarknessFallsInstaller", "DarknessFallsInstaller.csproj", "{4C194E0D-A87F-4648-87C1-A8719E72F421}"
EndProject
Global
	GlobalSection(SolutionConfigurationPlatforms) = preSolution
		Debug|Any CPU = Debug|Any CPU
		Release|Any CPU = Release|Any CPU
	EndGlobalSection
	GlobalSection(ProjectConfigurationPlatforms) = postSolution
		{4C194E0D-A87F-4648-87C1-A8719E72F421}.Debug|Any CPU.ActiveCfg = Debug|Any CPU
		{4C194E0D-A87F-4648-87C1-A8719E72F421}.Debug|Any CPU.Build.0 = Debug|Any CPU
		{4C194E0D-A87F-4648-87C1-A8719E72F421}.Release|Any CPU.ActiveCfg = Release|Any CPU
		{4C194E0D-A87F-4648-87C1-A8719E72F421}.Release|Any CPU.Build.0 = Release|Any CPU
	EndGlobalSection
	GlobalSection(SolutionProperties) = preSolution
		HideSolutionNode = FALSE
	EndGlobalSection
	GlobalSection(ExtensibilityGlobals) = postSolution
		SolutionGuid = {F697D6DB-168F-4757-8D59-0C2405545A8D}
	EndGlobalSection
EndGlobal
